
Microsoft Visual Studio Solution File, Format Version 12.00
# Visual Studio 15
VisualStudioVersion = 15.0.27703.2035
MinimumVisualStudioVersion = 10.0.40219.1
Project("{FAE04EC0-301F-11D3-BF4B-00C04F79EFBC}") = "05_ServerSocket", "05_ServerSocket\05_ServerSocket.csproj", "{3AD1BD08-C027-4474-AA63-92D03E660A38}"
EndProject
Global
	GlobalSection(SolutionConfigurationPlatforms) = preSolution
		Debug|Any CPU = Debug|Any CPU
		Release|Any CPU = Release|Any CPU
	EndGlobalSection
	GlobalSection(ProjectConfigurationPlatforms) = postSolution
		{3AD1BD08-C027-4474-AA63-92D03E660A38}.Debug|Any CPU.ActiveCfg = Debug|Any CPU
		{3AD1BD08-C027-4474-AA63-92D03E660A38}.Debug|Any CPU.Build.0 = Debug|Any CPU
		{3AD1BD08-C027-4474-AA63-92D03E660A38}.Release|Any CPU.ActiveCfg = Release|Any CPU
		{3AD1BD08-C027-4474-AA63-92D03E660A38}.Release|Any CPU.Build.0 = Release|Any CPU
	EndGlobalSection
	GlobalSection(SolutionProperties) = preSolution
		HideSolutionNode = FALSE
	EndGlobalSection
	GlobalSection(ExtensibilityGlobals) = postSolution
		SolutionGuid = {6C5F4E6E-3208-401A-A1A9-35D1E1B0BE34}
	EndGlobalSection
EndGlobal
